PODS:
  - GoogleAPIClient/Core (1.0.5):
    - GTMSessionFetcher (~> 1.1)
  - GoogleAPIClient/Drive (1.0.5):
    - GoogleAPIClient/Core
    - GTMSessionFetcher (~> 1.1)
  - GTMOAuth2 (1.1.2):
    - GTMSessionFetcher (~> 1.1)
  - GTMSessionFetcher (1.1.6):
    - GTMSessionFetcher/Full (= 1.1.6)
  - GTMSessionFetcher/Core (1.1.6)
  - GTMSessionFetcher/Full (1.1.6):
    - GTMSessionFetcher/Core (= 1.1.6)
  - Realm (2.0.2):
    - Realm/Headers (= 2.0.2)
  - Realm/Headers (2.0.2)
  - RealmSwift (2.0.2):
    - Realm (= 2.0.2)

DEPENDENCIES:
  - GoogleAPIClient/Drive
  - GTMOAuth2
  - Realm (from `https://github.com/realm/realm-cocoa.git`)
  - RealmSwift (from `https://github.com/realm/realm-cocoa.git`)

EXTERNAL SOURCES:
  Realm:
    :git: https://github.com/realm/realm-cocoa.git
    :submodules: true
  RealmSwift:
    :git: https://github.com/realm/realm-cocoa.git
    :submodules: true

CHECKOUT OPTIONS:
  Realm:
    :commit: 827a35bb55f838de250abf9c97097c47bfb9ecf8
    :git: https://github.com/realm/realm-cocoa.git
    :submodules: true
  RealmSwift:
    :commit: 827a35bb55f838de250abf9c97097c47bfb9ecf8
    :git: https://github.com/realm/realm-cocoa.git
    :submodules: true

SPEC CHECKSUMS:
  GoogleAPIClient: 4a6b0b807de8b1115a2835180b25dd93dc60f1ea
  GTMOAuth2: 1707e2f7fe3a6d7240223c23c473ba5a2d104474
  GTMSessionFetcher: 6aacd0ab48ddf0c3633ab2642d792abfcad1b08a
  Realm: 0f5a194af0b7e6158b83db41b4ee1a00be7ddf1a
  RealmSwift: 0eb5070d851cba7c66e841ca756d83609dc78bc8

PODFILE CHECKSUM: ed23d23705dfb8254afcca1a0778ba9b7c990452

COCOAPODS: 1.1.0.beta.1
